
Microsoft Visual Studio Solution File, Format Version 12.00
# Visual Studio 15
VisualStudioVersion = 15.0.26403.7
MinimumVisualStudioVersion = 10.0.40219.1
Project("{FAE04EC0-301F-11D3-BF4B-00C04F79EFBC}") = "Model", "Model\Model.csproj", "{B339AF84-2350-4E8F-9A71-0F5CF1AFEDD8}"
EndProject
Project("{FAE04EC0-301F-11D3-BF4B-00C04F79EFBC}") = "Controllers", "Controllers\Controllers.csproj", "{BBD2F596-0BAE-4E9C-9B0C-C1E3542699EC}"
EndProject
Project("{FAE04EC0-301F-11D3-BF4B-00C04F79EFBC}") = "WpfView", "WpfView\WpfView.csproj", "{D952CCAA-388F-4A14-9ACD-80C8B38CB768}"
EndProject
Global
	GlobalSection(SolutionConfigurationPlatforms) = preSolution
		Debug|Any CPU = Debug|Any CPU
		Release|Any CPU = Release|Any CPU
	EndGlobalSection
	GlobalSection(ProjectConfigurationPlatforms) = postSolution
		{B339AF84-2350-4E8F-9A71-0F5CF1AFEDD8}.Debug|Any CPU.ActiveCfg = Debug|Any CPU
		{B339AF84-2350-4E8F-9A71-0F5CF1AFEDD8}.Debug|Any CPU.Build.0 = Debug|Any CPU
		{B339AF84-2350-4E8F-9A71-0F5CF1AFEDD8}.Release|Any CPU.ActiveCfg = Release|Any CPU
		{B339AF84-2350-4E8F-9A71-0F5CF1AFEDD8}.Release|Any CPU.Build.0 = Release|Any CPU
		{BBD2F596-0BAE-4E9C-9B0C-C1E3542699EC}.Debug|Any CPU.ActiveCfg = Debug|Any CPU
		{BBD2F596-0BAE-4E9C-9B0C-C1E3542699EC}.Debug|Any CPU.Build.0 = Debug|Any CPU
		{BBD2F596-0BAE-4E9C-9B0C-C1E3542699EC}.Release|Any CPU.ActiveCfg = Release|Any CPU
		{BBD2F596-0BAE-4E9C-9B0C-C1E3542699EC}.Release|Any CPU.Build.0 = Release|Any CPU
		{D952CCAA-388F-4A14-9ACD-80C8B38CB768}.Debug|Any CPU.ActiveCfg = Debug|Any CPU
		{D952CCAA-388F-4A14-9ACD-80C8B38CB768}.Debug|Any CPU.Build.0 = Debug|Any CPU
		{D952CCAA-388F-4A14-9ACD-80C8B38CB768}.Release|Any CPU.ActiveCfg = Release|Any CPU
		{D952CCAA-388F-4A14-9ACD-80C8B38CB768}.Release|Any CPU.Build.0 = Release|Any CPU
	EndGlobalSection
	GlobalSection(SolutionProperties) = preSolution
		HideSolutionNode = FALSE
	EndGlobalSection
	GlobalSection(ExtensibilityGlobals) = postSolution
		SolutionGuid = {C75B55C1-E5AE-42FB-92B5-A3149D30C218}
	EndGlobalSection
EndGlobal
